// !$*UTF8*$!
{
	archiveVersion = 1;
	classes = {
	};
	objectVersion = 46;
	objects = {

/* Begin PBXBuildFile section */
		841D6316198F65980088651F /* NotesVC.m in Sources */ = {isa = PBXBuildFile; fileRef = 841D6314198F65980088651F /* NotesVC.m */; };
		841D6317198F65980088651F /* NotesVC.xib in Resources */ = {isa = PBXBuildFile; fileRef = 841D6315198F65980088651F /* NotesVC.xib */; };
		841D631C198F6DA30088651F /* NoteTVC.m in Sources */ = {isa = PBXBuildFile; fileRef = 841D631A198F6DA30088651F /* NoteTVC.m */; };
		841D631D198F6DA30088651F /* NoteTVC.xib in Resources */ = {isa = PBXBuildFile; fileRef = 841D631B198F6DA30088651F /* NoteTVC.xib */; };
		841D6321198F7BD80088651F /* noteLists.json in Resources */ = {isa = PBXBuildFile; fileRef = 841D6320198F7BD80088651F /* noteLists.json */; };
		841D6324198F7E9C0088651F /* NoteItem.m in Sources */ = {isa = PBXBuildFile; fileRef = 841D6323198F7E9C0088651F /* NoteItem.m */; };
		841D6329198F84590088651F /* BookVC.m in Sources */ = {isa = PBXBuildFile; fileRef = 841D6327198F84590088651F /* BookVC.m */; };
		841D632A198F84590088651F /* BookVC.xib in Resources */ = {isa = PBXBuildFile; fileRef = 841D6328198F84590088651F /* BookVC.xib */; };
		841E3172199B5AFE009C9974 /* SortrDataManager.m in Sources */ = {isa = PBXBuildFile; fileRef = 841E3171199B5AFE009C9974 /* SortrDataManager.m */; };
		84265E661994A90200C64C16 /* ActivationInfo.m in Sources */ = {isa = PBXBuildFile; fileRef = 84265E5D1994A90200C64C16 /* ActivationInfo.m */; };
		84265E671994A90200C64C16 /* Client.m in Sources */ = {isa = PBXBuildFile; fileRef = 84265E5F1994A90200C64C16 /* Client.m */; };
		84265E681994A90200C64C16 /* HTTPOperation.m in Sources */ = {isa = PBXBuildFile; fileRef = 84265E611994A90200C64C16 /* HTTPOperation.m */; };
		84265E691994A90200C64C16 /* ProcessingOperation.m in Sources */ = {isa = PBXBuildFile; fileRef = 84265E631994A90200C64C16 /* ProcessingOperation.m */; };
		84265E6A1994A90200C64C16 /* ProcessingParams.m in Sources */ = {isa = PBXBuildFile; fileRef = 84265E651994A90200C64C16 /* ProcessingParams.m */; };
		84265E6D1994AE4F00C64C16 /* OCRManager.m in Sources */ = {isa = PBXBuildFile; fileRef = 84265E6C1994AE4F00C64C16 /* OCRManager.m */; };
		84265E701994B0AE00C64C16 /* Task.m in Sources */ = {isa = PBXBuildFile; fileRef = 84265E6F1994B0AE00C64C16 /* Task.m */; };
		84265E791994B12200C64C16 /* NSData+Base64.m in Sources */ = {isa = PBXBuildFile; fileRef = 84265E761994B12200C64C16 /* NSData+Base64.m */; };
		84265E7A1994B12200C64C16 /* NSString+Base64.m in Sources */ = {isa = PBXBuildFile; fileRef = 84265E781994B12200C64C16 /* NSString+Base64.m */; };
		84265E7E1994BBD000C64C16 /* DownloadTabVC.m in Sources */ = {isa = PBXBuildFile; fileRef = 84265E7C1994BBD000C64C16 /* DownloadTabVC.m */; };
		84265E7F1994BBD000C64C16 /* DownloadTabVC.xib in Resources */ = {isa = PBXBuildFile; fileRef = 84265E7D1994BBD000C64C16 /* DownloadTabVC.xib */; };
		84265E831994C01400C64C16 /* ExportSettingsVC.m in Sources */ = {isa = PBXBuildFile; fileRef = 84265E811994C01400C64C16 /* ExportSettingsVC.m */; };
		84265E841994C01400C64C16 /* ExportSettingsVC.xib in Resources */ = {isa = PBXBuildFile; fileRef = 84265E821994C01400C64C16 /* ExportSettingsVC.xib */; };
		84665D651990DA10000196B6 /* ADAM.CG PRO.otf in Resources */ = {isa = PBXBuildFile; fileRef = 84665D5E1990DA10000196B6 /* ADAM.CG PRO.otf */; };
		84665D661990DA10000196B6 /* DINNextLTPro-Bold.otf in Resources */ = {isa = PBXBuildFile; fileRef = 84665D5F1990DA10000196B6 /* DINNextLTPro-Bold.otf */; };
		84665D671990DA10000196B6 /* DINNextLTPro-Light.otf in Resources */ = {isa = PBXBuildFile; fileRef = 84665D601990DA10000196B6 /* DINNextLTPro-Light.otf */; };
		84665D681990DA10000196B6 /* DINNextLTPro-Medium.otf in Resources */ = {isa = PBXBuildFile; fileRef = 84665D611990DA10000196B6 /* DINNextLTPro-Medium.otf */; };
		84665D691990DA10000196B6 /* Lato-Bol.ttf in Resources */ = {isa = PBXBuildFile; fileRef = 84665D621990DA10000196B6 /* Lato-Bol.ttf */; };
		84665D6A1990DA10000196B6 /* Lato-BolIta.ttf in Resources */ = {isa = PBXBuildFile; fileRef = 84665D631990DA10000196B6 /* Lato-BolIta.ttf */; };
		84665D6B1990DA10000196B6 /* Lato-Reg.ttf in Resources */ = {isa = PBXBuildFile; fileRef = 84665D641990DA10000196B6 /* Lato-Reg.ttf */; };
		84665D711991E4C4000196B6 /* ThumbCell.m in Sources */ = {isa = PBXBuildFile; fileRef = 84665D701991E4C4000196B6 /* ThumbCell.m */; };
		84665D7519920D80000196B6 /* BookCell.m in Sources */ = {isa = PBXBuildFile; fileRef = 84665D7319920D80000196B6 /* BookCell.m */; };
		84665D7619920D80000196B6 /* BookCell.xib in Resources */ = {isa = PBXBuildFile; fileRef = 84665D7419920D80000196B6 /* BookCell.xib */; };
		84665D7D19921742000196B6 /* Utilities.m in Sources */ = {isa = PBXBuildFile; fileRef = 84665D7C19921742000196B6 /* Utilities.m */; };
		8473D201198B3D4E004E912A /* Foundation.framework in Frameworks */ = {isa = PBXBuildFile; fileRef = 8473D200198B3D4E004E912A /* Foundation.framework */; };
		8473D203198B3D4E004E912A /* CoreGraphics.framework in Frameworks */ = {isa = PBXBuildFile; fileRef = 8473D202198B3D4E004E912A /* CoreGraphics.framework */; };
		8473D205198B3D4E004E912A /* UIKit.framework in Frameworks */ = {isa = PBXBuildFile; fileRef = 8473D204198B3D4E004E912A /* UIKit.framework */; };
		8473D207198B3D4E004E912A /* CoreData.framework in Frameworks */ = {isa = PBXBuildFile; fileRef = 8473D206198B3D4E004E912A /* CoreData.framework */; };
		8473D20D198B3D4E004E912A /* InfoPlist.strings in Resources */ = {isa = PBXBuildFile; fileRef = 8473D20B198B3D4E004E912A /* InfoPlist.strings */; };
		8473D20F198B3D4E004E912A /* main.m in Sources */ = {isa = PBXBuildFile; fileRef = 8473D20E198B3D4E004E912A /* main.m */; };
		8473D213198B3D4E004E912A /* SortrAppDelegate.m in Sources */ = {isa = PBXBuildFile; fileRef = 8473D212198B3D4E004E912A /* SortrAppDelegate.m */; };
		8473D216198B3D4E004E912A /* Sortr.xcdatamodeld in Sources */ = {isa = PBXBuildFile; fileRef = 8473D214198B3D4E004E912A /* Sortr.xcdatamodeld */; };
		8473D218198B3D4E004E912A /* Images.xcassets in Resources */ = {isa = PBXBuildFile; fileRef = 8473D217198B3D4E004E912A /* Images.xcassets */; };
		8473D21F198B3D4F004E912A /* XCTest.framework in Frameworks */ = {isa = PBXBuildFile; fileRef = 8473D21E198B3D4E004E912A /* XCTest.framework */; };
		8473D220198B3D4F004E912A /* Foundation.framework in Frameworks */ = {isa = PBXBuildFile; fileRef = 8473D200198B3D4E004E912A /* Foundation.framework */; };
		8473D221198B3D4F004E912A /* UIKit.framework in Frameworks */ = {isa = PBXBuildFile; fileRef = 8473D204198B3D4E004E912A /* UIKit.framework */; };
		8473D222198B3D4F004E912A /* CoreData.framework in Frameworks */ = {isa = PBXBuildFile; fileRef = 8473D206198B3D4E004E912A /* CoreData.framework */; };
		8473D22A198B3D4F004E912A /* InfoPlist.strings in Resources */ = {isa = PBXBuildFile; fileRef = 8473D228198B3D4F004E912A /* InfoPlist.strings */; };
		8473D22C198B3D4F004E912A /* SortrTests.m in Sources */ = {isa = PBXBuildFile; fileRef = 8473D22B198B3D4F004E912A /* SortrTests.m */; };
		8473D24C198B3D97004E912A /* AMSlideMenuContentSegue.m in Sources */ = {isa = PBXBuildFile; fileRef = 8473D238198B3D96004E912A /* AMSlideMenuContentSegue.m */; };
		8473D24D198B3D97004E912A /* AMSlideMenuLeftMenuSegue.m in Sources */ = {isa = PBXBuildFile; fileRef = 8473D23A198B3D96004E912A /* AMSlideMenuLeftMenuSegue.m */; };
		8473D24E198B3D97004E912A /* AMSlideMenuLeftTableViewController.m in Sources */ = {isa = PBXBuildFile; fileRef = 8473D23C198B3D97004E912A /* AMSlideMenuLeftTableViewController.m */; };
		8473D24F198B3D97004E912A /* AMSlideMenuMainViewController.m in Sources */ = {isa = PBXBuildFile; fileRef = 8473D23E198B3D97004E912A /* AMSlideMenuMainViewController.m */; };
		8473D250198B3D97004E912A /* AMSlideMenuRightMenuSegue.m in Sources */ = {isa = PBXBuildFile; fileRef = 8473D241198B3D97004E912A /* AMSlideMenuRightMenuSegue.m */; };
		8473D251198B3D97004E912A /* AMSlideMenuRightTableViewController.m in Sources */ = {isa = PBXBuildFile; fileRef = 8473D243198B3D97004E912A /* AMSlideMenuRightTableViewController.m */; };
		8473D252198B3D97004E912A /* UIViewController+AMSlideMenu.m in Sources */ = {isa = PBXBuildFile; fileRef = 8473D245198B3D97004E912A /* UIViewController+AMSlideMenu.m */; };
		8473D253198B3D97004E912A /* LeftMenuTVC.m in Sources */ = {isa = PBXBuildFile; fileRef = 8473D247198B3D97004E912A /* LeftMenuTVC.m */; };
		8473D254198B3D97004E912A /* LeftMenuTVC.xib in Resources */ = {isa = PBXBuildFile; fileRef = 8473D248198B3D97004E912A /* LeftMenuTVC.xib */; };
		8473D255198B3D97004E912A /* RightMenuTVC.m in Sources */ = {isa = PBXBuildFile; fileRef = 8473D24A198B3D97004E912A /* RightMenuTVC.m */; };
		8473D256198B3D97004E912A /* RightMenuTVC.xib in Resources */ = {isa = PBXBuildFile; fileRef = 8473D24B198B3D97004E912A /* RightMenuTVC.xib */; };
		8473D25C198B3DD5004E912A /* MainVC.m in Sources */ = {isa = PBXBuildFile; fileRef = 8473D25B198B3DD5004E912A /* MainVC.m */; };
		8473D26E198B3EAF004E912A /* FiveVC.m in Sources */ = {isa = PBXBuildFile; fileRef = 8473D261198B3EAF004E912A /* FiveVC.m */; };
		8473D26F198B3EAF004E912A /* FiveVC.xib in Resources */ = {isa = PBXBuildFile; fileRef = 8473D262198B3EAF004E912A /* FiveVC.xib */; };
		8473D270198B3EAF004E912A /* ForthVC.m in Sources */ = {isa = PBXBuildFile; fileRef = 8473D264198B3EAF004E912A /* ForthVC.m */; };
		8473D271198B3EAF004E912A /* ForthVC.xib in Resources */ = {isa = PBXBuildFile; fileRef = 8473D265198B3EAF004E912A /* ForthVC.xib */; };
		8473D272198B3EAF004E912A /* SecondVC.m in Sources */ = {isa = PBXBuildFile; fileRef = 8473D267198B3EAF004E912A /* SecondVC.m */; };
		8473D273198B3EAF004E912A /* SecondVC.xib in Resources */ = {isa = PBXBuildFile; fileRef = 8473D268198B3EAF004E912A /* SecondVC.xib */; };
		8473D274198B3EAF004E912A /* ThirdVC.m in Sources */ = {isa = PBXBuildFile; fileRef = 8473D26A198B3EAF004E912A /* ThirdVC.m */; };
		8473D275198B3EAF004E912A /* ThirdVC.xib in Resources */ = {isa = PBXBuildFile; fileRef = 8473D26B198B3EAF004E912A /* ThirdVC.xib */; };
		84B822741990D4B000315F58 /* LatoBold.m in Sources */ = {isa = PBXBuildFile; fileRef = 84B822731990D4B000315F58 /* LatoBold.m */; };
		84B822771990D56D00315F58 /* DinNext.m in Sources */ = {isa = PBXBuildFile; fileRef = 84B822761990D56D00315F58 /* DinNext.m */; };
		84FA93F8199352C40065E83D /* BookDetailVC.m in Sources */ = {isa = PBXBuildFile; fileRef = 84FA93F6199352C40065E83D /* BookDetailVC.m */; };
		84FA93F9199352C40065E83D /* BookDetailVC.xib in Resources */ = {isa = PBXBuildFile; fileRef = 84FA93F7199352C40065E83D /* BookDetailVC.xib */; };
		84FA947719935A980065E83D /* image_sample.jpg in Resources */ = {isa = PBXBuildFile; fileRef = 84FA947619935A980065E83D /* image_sample.jpg */; };
		84FA947B199367110065E83D /* InvoiceVC.m in Sources */ = {isa = PBXBuildFile; fileRef = 84FA9479199367110065E83D /* InvoiceVC.m */; };
		84FA947C199367110065E83D /* InvoiceVC.xib in Resources */ = {isa = PBXBuildFile; fileRef = 84FA947A199367110065E83D /* InvoiceVC.xib */; };
		84FA948219937CCE0065E83D /* ClientListVC.m in Sources */ = {isa = PBXBuildFile; fileRef = 84FA948019937CCE0065E83D /* ClientListVC.m */; };
		84FA948319937CCE0065E83D /* ClientListVC.xib in Resources */ = {isa = PBXBuildFile; fileRef = 84FA948119937CCE0065E83D /* ClientListVC.xib */; };
		84FA9487199383DA0065E83D /* InvoiceImagesVC.m in Sources */ = {isa = PBXBuildFile; fileRef = 84FA9485199383DA0065E83D /* InvoiceImagesVC.m */; };
		84FA9488199383DA0065E83D /* InvoiceImagesVC.xib in Resources */ = {isa = PBXBuildFile; fileRef = 84FA9486199383DA0065E83D /* InvoiceImagesVC.xib */; };
/* End PBXBuildFile section */

/* Begin PBXContainerItemProxy section */
		8473D223198B3D4F004E912A /* PBXContainerItemProxy */ = {
			isa = PBXContainerItemProxy;
			containerPortal = 8473D1F5198B3D4E004E912A /* Project object */;
			proxyType = 1;
			remoteGlobalIDString = 8473D1FC198B3D4E004E912A;
			remoteInfo = Sortr;
		};
/* End PBXContainerItemProxy section */

/* Begin PBXFileReference section */
		841D630A198F5A800088651F /* Constants.h */ = {isa = PBXFileReference; fileEncoding = 4; lastKnownFileType = sourcecode.c.h; path = Constants.h; sourceTree = "<group>"; };
		841D6313198F65980088651F /* NotesVC.h */ = {isa = PBXFileReference; fileEncoding = 4; lastKnownFileType = sourcecode.c.h; name = NotesVC.h; path = Resources/NotesVC.h; sourceTree = "<group>"; };
		841D6314198F65980088651F /* NotesVC.m */ = {isa = PBXFileReference; fileEncoding = 4; lastKnownFileType = sourcecode.c.objc; name = NotesVC.m; path = Resources/NotesVC.m; sourceTree = "<group>"; };
		841D6315198F65980088651F /* NotesVC.xib */ = {isa = PBXFileReference; fileEncoding = 4; lastKnownFileType = file.xib; name = NotesVC.xib; path = Resources/NotesVC.xib; sourceTree = "<group>"; };
		841D6319198F6DA30088651F /* NoteTVC.h */ = {isa = PBXFileReference; fileEncoding = 4; lastKnownFileType = sourcecode.c.h; path = NoteTVC.h; sourceTree = "<group>"; };
		841D631A198F6DA30088651F /* NoteTVC.m */ = {isa = PBXFileReference; fileEncoding = 4; lastKnownFileType = sourcecode.c.objc; path = NoteTVC.m; sourceTree = "<group>"; };
		841D631B198F6DA30088651F /* NoteTVC.xib */ = {isa = PBXFileReference; fileEncoding = 4; lastKnownFileType = file.xib; path = NoteTVC.xib; sourceTree = "<group>"; };
		841D6320198F7BD80088651F /* noteLists.json */ = {isa = PBXFileReference; fileEncoding = 4; lastKnownFileType = text.json; path = noteLists.json; sourceTree = "<group>"; };
		841D6322198F7E9C0088651F /* NoteItem.h */ = {isa = PBXFileReference; fileEncoding = 4; lastKnownFileType = sourcecode.c.h; path = NoteItem.h; sourceTree = "<group>"; };
		841D6323198F7E9C0088651F /* NoteItem.m */ = {isa = PBXFileReference; fileEncoding = 4; lastKnownFileType = sourcecode.c.objc; path = NoteItem.m; sourceTree = "<group>"; };
		841D6326198F84590088651F /* BookVC.h */ = {isa = PBXFileReference; fileEncoding = 4; lastKnownFileType = sourcecode.c.h; path = BookVC.h; sourceTree = "<group>"; };
		841D6327198F84590088651F /* BookVC.m */ = {isa = PBXFileReference; fileEncoding = 4; lastKnownFileType = sourcecode.c.objc; path = BookVC.m; sourceTree = "<group>"; };
		841D6328198F84590088651F /* BookVC.xib */ = {isa = PBXFileReference; fileEncoding = 4; lastKnownFileType = file.xib; path = BookVC.xib; sourceTree = "<group>"; };
		841E3170199B5AFE009C9974 /* SortrDataManager.h */ = {isa = PBXFileReference; fileEncoding = 4; lastKnownFileType = sourcecode.c.h; path = SortrDataManager.h; sourceTree = "<group>"; };
		841E3171199B5AFE009C9974 /* SortrDataManager.m */ = {isa = PBXFileReference; fileEncoding = 4; lastKnownFileType = sourcecode.c.objc; path = SortrDataManager.m; sourceTree = "<group>"; };
		84265E5C1994A90200C64C16 /* ActivationInfo.h */ = {isa = PBXFileReference; fileEncoding = 4; lastKnownFileType = sourcecode.c.h; path = ActivationInfo.h; sourceTree = "<group>"; };
		84265E5D1994A90200C64C16 /* ActivationInfo.m */ = {isa = PBXFileReference; fileEncoding = 4; lastKnownFileType = sourcecode.c.objc; path = ActivationInfo.m; sourceTree = "<group>"; };
		84265E5E1994A90200C64C16 /* Client.h */ = {isa = PBXFileReference; fileEncoding = 4; lastKnownFileType = sourcecode.c.h; path = Client.h; sourceTree = "<group>"; };
		84265E5F1994A90200C64C16 /* Client.m */ = {isa = PBXFileReference; fileEncoding = 4; lastKnownFileType = sourcecode.c.objc; path = Client.m; sourceTree = "<group>"; };
		84265E601994A90200C64C16 /* HTTPOperation.h */ = {isa = PBXFileReference; fileEncoding = 4; lastKnownFileType = sourcecode.c.h; path = HTTPOperation.h; sourceTree = "<group>"; };
		84265E611994A90200C64C16 /* HTTPOperation.m */ = {isa = PBXFileReference; fileEncoding = 4; lastKnownFileType = sourcecode.c.objc; path = HTTPOperation.m; sourceTree = "<group>"; };
		84265E621994A90200C64C16 /* ProcessingOperation.h */ = {isa = PBXFileReference; fileEncoding = 4; lastKnownFileType = sourcecode.c.h; path = ProcessingOperation.h; sourceTree = "<group>"; };
		84265E631994A90200C64C16 /* ProcessingOperation.m */ = {isa = PBXFileReference; fileEncoding = 4; lastKnownFileType = sourcecode.c.objc; path = ProcessingOperation.m; sourceTree = "<group>"; };
		84265E641994A90200C64C16 /* ProcessingParams.h */ = {isa = PBXFileReference; fileEncoding = 4; lastKnownFileType = sourcecode.c.h; path = ProcessingParams.h; sourceTree = "<group>"; };
		84265E651994A90200C64C16 /* ProcessingParams.m */ = {isa = PBXFileReference; fileEncoding = 4; lastKnownFileType = sourcecode.c.objc; path = ProcessingParams.m; sourceTree = "<group>"; };
		84265E6B1994AE4F00C64C16 /* OCRManager.h */ = {isa = PBXFileReference; fileEncoding = 4; lastKnownFileType = sourcecode.c.h; path = OCRManager.h; sourceTree = "<group>"; };
		84265E6C1994AE4F00C64C16 /* OCRManager.m */ = {isa = PBXFileReference; fileEncoding = 4; lastKnownFileType = sourcecode.c.objc; path = OCRManager.m; sourceTree = "<group>"; };
		84265E6E1994B0AE00C64C16 /* Task.h */ = {isa = PBXFileReference; fileEncoding = 4; lastKnownFileType = sourcecode.c.h; path = Task.h; sourceTree = "<group>"; };
		84265E6F1994B0AE00C64C16 /* Task.m */ = {isa = PBXFileReference; fileEncoding = 4; lastKnownFileType = sourcecode.c.objc; path = Task.m; sourceTree = "<group>"; };
		84265E751994B12200C64C16 /* NSData+Base64.h */ = {isa = PBXFileReference; fileEncoding = 4; lastKnownFileType = sourcecode.c.h; name = "NSData+Base64.h"; path = "Base64/NSData+Base64.h"; sourceTree = "<group>"; };
		84265E761994B12200C64C16 /* NSData+Base64.m */ = {isa = PBXFileReference; fileEncoding = 4; lastKnownFileType = sourcecode.c.objc; name = "NSData+Base64.m"; path = "Base64/NSData+Base64.m"; sourceTree = "<group>"; };
		84265E771994B12200C64C16 /* NSString+Base64.h */ = {isa = PBXFileReference; fileEncoding = 4; lastKnownFileType = sourcecode.c.h; name = "NSString+Base64.h"; path = "Base64/NSString+Base64.h"; sourceTree = "<group>"; };
		84265E781994B12200C64C16 /* NSString+Base64.m */ = {isa = PBXFileReference; fileEncoding = 4; lastKnownFileType = sourcecode.c.objc; name = "NSString+Base64.m"; path = "Base64/NSString+Base64.m"; sourceTree = "<group>"; };
		84265E7B1994BBD000C64C16 /* DownloadTabVC.h */ = {isa = PBXFileReference; fileEncoding = 4; lastKnownFileType = sourcecode.c.h; path = DownloadTabVC.h; sourceTree = "<group>"; };
		84265E7C1994BBD000C64C16 /* DownloadTabVC.m */ = {isa = PBXFileReference; fileEncoding = 4; lastKnownFileType = sourcecode.c.objc; path = DownloadTabVC.m; sourceTree = "<group>"; };
		84265E7D1994BBD000C64C16 /* DownloadTabVC.xib */ = {isa = PBXFileReference; fileEncoding = 4; lastKnownFileType = file.xib; path = DownloadTabVC.xib; sourceTree = "<group>"; };
		84265E801994C01400C64C16 /* ExportSettingsVC.h */ = {isa = PBXFileReference; fileEncoding = 4; lastKnownFileType = sourcecode.c.h; path = ExportSettingsVC.h; sourceTree = "<group>"; };
		84265E811994C01400C64C16 /* ExportSettingsVC.m */ = {isa = PBXFileReference; fileEncoding = 4; lastKnownFileType = sourcecode.c.objc; path = ExportSettingsVC.m; sourceTree = "<group>"; };
		84265E821994C01400C64C16 /* ExportSettingsVC.xib */ = {isa = PBXFileReference; fileEncoding = 4; lastKnownFileType = file.xib; path = ExportSettingsVC.xib; sourceTree = "<group>"; };
		84665D5E1990DA10000196B6 /* ADAM.CG PRO.otf */ = {isa = PBXFileReference; lastKnownFileType = file; path = "ADAM.CG PRO.otf"; sourceTree = "<group>"; };
		84665D5F1990DA10000196B6 /* DINNextLTPro-Bold.otf */ = {isa = PBXFileReference; lastKnownFileType = file; path = "DINNextLTPro-Bold.otf"; sourceTree = "<group>"; };
		84665D601990DA10000196B6 /* DINNextLTPro-Light.otf */ = {isa = PBXFileReference; lastKnownFileType = file; path = "DINNextLTPro-Light.otf"; sourceTree = "<group>"; };
		84665D611990DA10000196B6 /* DINNextLTPro-Medium.otf */ = {isa = PBXFileReference; lastKnownFileType = file; path = "DINNextLTPro-Medium.otf"; sourceTree = "<group>"; };
		84665D621990DA10000196B6 /* Lato-Bol.ttf */ = {isa = PBXFileReference; lastKnownFileType = file; path = "Lato-Bol.ttf"; sourceTree = "<group>"; };
		84665D631990DA10000196B6 /* Lato-BolIta.ttf */ = {isa = PBXFileReference; lastKnownFileType = file; path = "Lato-BolIta.ttf"; sourceTree = "<group>"; };
		84665D641990DA10000196B6 /* Lato-Reg.ttf */ = {isa = PBXFileReference; lastKnownFileType = file; path = "Lato-Reg.ttf"; sourceTree = "<group>"; };
		84665D6F1991E4C4000196B6 /* ThumbCell.h */ = {isa = PBXFileReference; fileEncoding = 4; lastKnownFileType = sourcecode.c.h; path = ThumbCell.h; sourceTree = "<group>"; };
		84665D701991E4C4000196B6 /* ThumbCell.m */ = {isa = PBXFileReference; fileEncoding = 4; lastKnownFileType = sourcecode.c.objc; path = ThumbCell.m; sourceTree = "<group>"; };
		84665D7219920D80000196B6 /* BookCell.h */ = {isa = PBXFileReference; fileEncoding = 4; lastKnownFileType = sourcecode.c.h; path = BookCell.h; sourceTree = "<group>"; };
		84665D7319920D80000196B6 /* BookCell.m */ = {isa = PBXFileReference; fileEncoding = 4; lastKnownFileType = sourcecode.c.objc; path = BookCell.m; sourceTree = "<group>"; };
		84665D7419920D80000196B6 /* BookCell.xib */ = {isa = PBXFileReference; fileEncoding = 4; lastKnownFileType = file.xib; path = BookCell.xib; sourceTree = "<group>"; };
		84665D7B19921742000196B6 /* Utilities.h */ = {isa = PBXFileReference; fileEncoding = 4; lastKnownFileType = sourcecode.c.h; path = Utilities.h; sourceTree = "<group>"; };
		84665D7C19921742000196B6 /* Utilities.m */ = {isa = PBXFileReference; fileEncoding = 4; lastKnownFileType = sourcecode.c.objc; path = Utilities.m; sourceTree = "<group>"; };
		8473D1FD198B3D4E004E912A /* Sortr.app */ = {isa = PBXFileReference; explicitFileType = wrapper.application; includeInIndex = 0; path = Sortr.app; sourceTree = BUILT_PRODUCTS_DIR; };
		8473D200198B3D4E004E912A /* Foundation.framework */ = {isa = PBXFileReference; lastKnownFileType = wrapper.framework; name = Foundation.framework; path = System/Library/Frameworks/Foundation.framework; sourceTree = SDKROOT; };
		8473D202198B3D4E004E912A /* CoreGraphics.framework */ = {isa = PBXFileReference; lastKnownFileType = wrapper.framework; name = CoreGraphics.framework; path = System/Library/Frameworks/CoreGraphics.framework; sourceTree = SDKROOT; };
		8473D204198B3D4E004E912A /* UIKit.framework */ = {isa = PBXFileReference; lastKnownFileType = wrapper.framework; name = UIKit.framework; path = System/Library/Frameworks/UIKit.framework; sourceTree = SDKROOT; };
		8473D206198B3D4E004E912A /* CoreData.framework */ = {isa = PBXFileReference; lastKnownFileType = wrapper.framework; name = CoreData.framework; path = System/Library/Frameworks/CoreData.framework; sourceTree = SDKROOT; };
		8473D20A198B3D4E004E912A /* Sortr-Info.plist */ = {isa = PBXFileReference; lastKnownFileType = text.plist.xml; path = "Sortr-Info.plist"; sourceTree = "<group>"; };
		8473D20C198B3D4E004E912A /* en */ = {isa = PBXFileReference; lastKnownFileType = text.plist.strings; name = en; path = en.lproj/InfoPlist.strings; sourceTree = "<group>"; };
		8473D20E198B3D4E004E912A /* main.m */ = {isa = PBXFileReference; lastKnownFileType = sourcecode.c.objc; path = main.m; sourceTree = "<group>"; };
		8473D210198B3D4E004E912A /* Sortr-Prefix.pch */ = {isa = PBXFileReference; lastKnownFileType = sourcecode.c.h; path = "Sortr-Prefix.pch"; sourceTree = "<group>"; };
		8473D211198B3D4E004E912A /* SortrAppDelegate.h */ = {isa = PBXFileReference; lastKnownFileType = sourcecode.c.h; path = SortrAppDelegate.h; sourceTree = "<group>"; };
		8473D212198B3D4E004E912A /* SortrAppDelegate.m */ = {isa = PBXFileReference; lastKnownFileType = sourcecode.c.objc; path = SortrAppDelegate.m; sourceTree = "<group>"; };
		8473D215198B3D4E004E912A /* Sortr.xcdatamodel */ = {isa = PBXFileReference; lastKnownFileType = wrapper.xcdatamodel; path = Sortr.xcdatamodel; sourceTree = "<group>"; };
		8473D217198B3D4E004E912A /* Images.xcassets */ = {isa = PBXFileReference; lastKnownFileType = folder.assetcatalog; path = Images.xcassets; sourceTree = "<group>"; };
		8473D21D198B3D4E004E912A /* SortrTests.xctest */ = {isa = PBXFileReference; explicitFileType = wrapper.cfbundle; includeInIndex = 0; path = SortrTests.xctest; sourceTree = BUILT_PRODUCTS_DIR; };
		8473D21E198B3D4E004E912A /* XCTest.framework */ = {isa = PBXFileReference; lastKnownFileType = wrapper.framework; name = XCTest.framework; path = Library/Frameworks/XCTest.framework; sourceTree = DEVELOPER_DIR; };
		8473D227198B3D4F004E912A /* SortrTests-Info.plist */ = {isa = PBXFileReference; lastKnownFileType = text.plist.xml; path = "SortrTests-Info.plist"; sourceTree = "<group>"; };
		8473D229198B3D4F004E912A /* en */ = {isa = PBXFileReference; lastKnownFileType = text.plist.strings; name = en; path = en.lproj/InfoPlist.strings; sourceTree = "<group>"; };
		8473D22B198B3D4F004E912A /* SortrTests.m */ = {isa = PBXFileReference; lastKnownFileType = sourcecode.c.objc; path = SortrTests.m; sourceTree = "<group>"; };
		8473D237198B3D96004E912A /* AMSlideMenuContentSegue.h */ = {isa = PBXFileReference; fileEncoding = 4; lastKnownFileType = sourcecode.c.h; path = AMSlideMenuContentSegue.h; sourceTree = "<group>"; };
		8473D238198B3D96004E912A /* AMSlideMenuContentSegue.m */ = {isa = PBXFileReference; fileEncoding = 4; lastKnownFileType = sourcecode.c.objc; path = AMSlideMenuContentSegue.m; sourceTree = "<group>"; };
		8473D239198B3D96004E912A /* AMSlideMenuLeftMenuSegue.h */ = {isa = PBXFileReference; fileEncoding = 4; lastKnownFileType = sourcecode.c.h; path = AMSlideMenuLeftMenuSegue.h; sourceTree = "<group>"; };
		8473D23A198B3D96004E912A /* AMSlideMenuLeftMenuSegue.m */ = {isa = PBXFileReference; fileEncoding = 4; lastKnownFileType = sourcecode.c.objc; path = AMSlideMenuLeftMenuSegue.m; sourceTree = "<group>"; };
		8473D23B198B3D96004E912A /* AMSlideMenuLeftTableViewController.h */ = {isa = PBXFileReference; fileEncoding = 4; lastKnownFileType = sourcecode.c.h; path = AMSlideMenuLeftTableViewController.h; sourceTree = "<group>"; };
		8473D23C198B3D97004E912A /* AMSlideMenuLeftTableViewController.m */ = {isa = PBXFileReference; fileEncoding = 4; lastKnownFileType = sourcecode.c.objc; path = AMSlideMenuLeftTableViewController.m; sourceTree = "<group>"; };
		8473D23D198B3D97004E912A /* AMSlideMenuMainViewController.h */ = {isa = PBXFileReference; fileEncoding = 4; lastKnownFileType = sourcecode.c.h; path = AMSlideMenuMainViewController.h; sourceTree = "<group>"; };
		8473D23E198B3D97004E912A /* AMSlideMenuMainViewController.m */ = {isa = PBXFileReference; fileEncoding = 4; lastKnownFileType = sourcecode.c.objc; path = AMSlideMenuMainViewController.m; sourceTree = "<group>"; };
		8473D23F198B3D97004E912A /* AMSlideMenuProtocols.h */ = {isa = PBXFileReference; fileEncoding = 4; lastKnownFileType = sourcecode.c.h; path = AMSlideMenuProtocols.h; sourceTree = "<group>"; };
		8473D240198B3D97004E912A /* AMSlideMenuRightMenuSegue.h */ = {isa = PBXFileReference; fileEncoding = 4; lastKnownFileType = sourcecode.c.h; path = AMSlideMenuRightMenuSegue.h; sourceTree = "<group>"; };
		8473D241198B3D97004E912A /* AMSlideMenuRightMenuSegue.m */ = {isa = PBXFileReference; fileEncoding = 4; lastKnownFileType = sourcecode.c.objc; path = AMSlideMenuRightMenuSegue.m; sourceTree = "<group>"; };
		8473D242198B3D97004E912A /* AMSlideMenuRightTableViewController.h */ = {isa = PBXFileReference; fileEncoding = 4; lastKnownFileType = sourcecode.c.h; path = AMSlideMenuRightTableViewController.h; sourceTree = "<group>"; };
		8473D243198B3D97004E912A /* AMSlideMenuRightTableViewController.m */ = {isa = PBXFileReference; fileEncoding = 4; lastKnownFileType = sourcecode.c.objc; path = AMSlideMenuRightTableViewController.m; sourceTree = "<group>"; };
		8473D244198B3D97004E912A /* UIViewController+AMSlideMenu.h */ = {isa = PBXFileReference; fileEncoding = 4; lastKnownFileType = sourcecode.c.h; path = "UIViewController+AMSlideMenu.h"; sourceTree = "<group>"; };
		8473D245198B3D97004E912A /* UIViewController+AMSlideMenu.m */ = {isa = PBXFileReference; fileEncoding = 4; lastKnownFileType = sourcecode.c.objc; path = "UIViewController+AMSlideMenu.m"; sourceTree = "<group>"; };
		8473D246198B3D97004E912A /* LeftMenuTVC.h */ = {isa = PBXFileReference; fileEncoding = 4; lastKnownFileType = sourcecode.c.h; path = LeftMenuTVC.h; sourceTree = "<group>"; };
		8473D247198B3D97004E912A /* LeftMenuTVC.m */ = {isa = PBXFileReference; fileEncoding = 4; lastKnownFileType = sourcecode.c.objc; path = LeftMenuTVC.m; sourceTree = "<group>"; };
		8473D248198B3D97004E912A /* LeftMenuTVC.xib */ = {isa = PBXFileReference; fileEncoding = 4; lastKnownFileType = file.xib; path = LeftMenuTVC.xib; sourceTree = "<group>"; };
		8473D249198B3D97004E912A /* RightMenuTVC.h */ = {isa = PBXFileReference; fileEncoding = 4; lastKnownFileType = sourcecode.c.h; path = RightMenuTVC.h; sourceTree = "<group>"; };
		8473D24A198B3D97004E912A /* RightMenuTVC.m */ = {isa = PBXFileReference; fileEncoding = 4; lastKnownFileType = sourcecode.c.objc; path = RightMenuTVC.m; sourceTree = "<group>"; };
		8473D24B198B3D97004E912A /* RightMenuTVC.xib */ = {isa = PBXFileReference; fileEncoding = 4; lastKnownFileType = file.xib; path = RightMenuTVC.xib; sourceTree = "<group>"; };
		8473D25A198B3DD5004E912A /* MainVC.h */ = {isa = PBXFileReference; fileEncoding = 4; lastKnownFileType = sourcecode.c.h; name = MainVC.h; path = Resources/MainVC.h; sourceTree = "<group>"; };
		8473D25B198B3DD5004E912A /* MainVC.m */ = {isa = PBXFileReference; fileEncoding = 4; lastKnownFileType = sourcecode.c.objc; name = MainVC.m; path = Resources/MainVC.m; sourceTree = "<group>"; };
		8473D260198B3EAF004E912A /* FiveVC.h */ = {isa = PBXFileReference; fileEncoding = 4; lastKnownFileType = sourcecode.c.h; path = FiveVC.h; sourceTree = "<group>"; };
		8473D261198B3EAF004E912A /* FiveVC.m */ = {isa = PBXFileReference; fileEncoding = 4; lastKnownFileType = sourcecode.c.objc; path = FiveVC.m; sourceTree = "<group>"; };
		8473D262198B3EAF004E912A /* FiveVC.xib */ = {isa = PBXFileReference; fileEncoding = 4; lastKnownFileType = file.xib; path = FiveVC.xib; sourceTree = "<group>"; };
		8473D263198B3EAF004E912A /* ForthVC.h */ = {isa = PBXFileReference; fileEncoding = 4; lastKnownFileType = sourcecode.c.h; path = ForthVC.h; sourceTree = "<group>"; };
		8473D264198B3EAF004E912A /* ForthVC.m */ = {isa = PBXFileReference; fileEncoding = 4; lastKnownFileType = sourcecode.c.objc; path = ForthVC.m; sourceTree = "<group>"; };
		8473D265198B3EAF004E912A /* ForthVC.xib */ = {isa = PBXFileReference; fileEncoding = 4; lastKnownFileType = file.xib; path = ForthVC.xib; sourceTree = "<group>"; };
		8473D266198B3EAF004E912A /* SecondVC.h */ = {isa = PBXFileReference; fileEncoding = 4; lastKnownFileType = sourcecode.c.h; path = SecondVC.h; sourceTree = "<group>"; };
		8473D267198B3EAF004E912A /* SecondVC.m */ = {isa = PBXFileReference; fileEncoding = 4; lastKnownFileType = sourcecode.c.objc; path = SecondVC.m; sourceTree = "<group>"; };
		8473D268198B3EAF004E912A /* SecondVC.xib */ = {isa = PBXFileReference; fileEncoding = 4; lastKnownFileType = file.xib; path = SecondVC.xib; sourceTree = "<group>"; };
		8473D269198B3EAF004E912A /* ThirdVC.h */ = {isa = PBXFileReference; fileEncoding = 4; lastKnownFileType = sourcecode.c.h; path = ThirdVC.h; sourceTree = "<group>"; };
		8473D26A198B3EAF004E912A /* ThirdVC.m */ = {isa = PBXFileReference; fileEncoding = 4; lastKnownFileType = sourcecode.c.objc; path = ThirdVC.m; sourceTree = "<group>"; };
		8473D26B198B3EAF004E912A /* ThirdVC.xib */ = {isa = PBXFileReference; fileEncoding = 4; lastKnownFileType = file.xib; path = ThirdVC.xib; sourceTree = "<group>"; };
		84B822721990D4B000315F58 /* LatoBold.h */ = {isa = PBXFileReference; fileEncoding = 4; lastKnownFileType = sourcecode.c.h; path = LatoBold.h; sourceTree = "<group>"; };
		84B822731990D4B000315F58 /* LatoBold.m */ = {isa = PBXFileReference; fileEncoding = 4; lastKnownFileType = sourcecode.c.objc; path = LatoBold.m; sourceTree = "<group>"; };
		84B822751990D56D00315F58 /* DinNext.h */ = {isa = PBXFileReference; fileEncoding = 4; lastKnownFileType = sourcecode.c.h; path = DinNext.h; sourceTree = "<group>"; };
		84B822761990D56D00315F58 /* DinNext.m */ = {isa = PBXFileReference; fileEncoding = 4; lastKnownFileType = sourcecode.c.objc; path = DinNext.m; sourceTree = "<group>"; };
		84FA93F5199352C40065E83D /* BookDetailVC.h */ = {isa = PBXFileReference; fileEncoding = 4; lastKnownFileType = sourcecode.c.h; path = BookDetailVC.h; sourceTree = "<group>"; };
		84FA93F6199352C40065E83D /* BookDetailVC.m */ = {isa = PBXFileReference; fileEncoding = 4; lastKnownFileType = sourcecode.c.objc; path = BookDetailVC.m; sourceTree = "<group>"; };
		84FA93F7199352C40065E83D /* BookDetailVC.xib */ = {isa = PBXFileReference; fileEncoding = 4; lastKnownFileType = file.xib; path = BookDetailVC.xib; sourceTree = "<group>"; };
		84FA947619935A980065E83D /* image_sample.jpg */ = {isa = PBXFileReference; lastKnownFileType = image.jpeg; path = image_sample.jpg; sourceTree = "<group>"; };
		84FA9478199367110065E83D /* InvoiceVC.h */ = {isa = PBXFileReference; fileEncoding = 4; lastKnownFileType = sourcecode.c.h; path = InvoiceVC.h; sourceTree = "<group>"; };
		84FA9479199367110065E83D /* InvoiceVC.m */ = {isa = PBXFileReference; fileEncoding = 4; lastKnownFileType = sourcecode.c.objc; path = InvoiceVC.m; sourceTree = "<group>"; };
		84FA947A199367110065E83D /* InvoiceVC.xib */ = {isa = PBXFileReference; fileEncoding = 4; lastKnownFileType = file.xib; path = InvoiceVC.xib; sourceTree = "<group>"; };
		84FA947F19937CCE0065E83D /* ClientListVC.h */ = {isa = PBXFileReference; fileEncoding = 4; lastKnownFileType = sourcecode.c.h; path = ClientListVC.h; sourceTree = "<group>"; };
		84FA948019937CCE0065E83D /* ClientListVC.m */ = {isa = PBXFileReference; fileEncoding = 4; lastKnownFileType = sourcecode.c.objc; path = ClientListVC.m; sourceTree = "<group>"; };
		84FA948119937CCE0065E83D /* ClientListVC.xib */ = {isa = PBXFileReference; fileEncoding = 4; lastKnownFileType = file.xib; path = ClientListVC.xib; sourceTree = "<group>"; };
		84FA9484199383DA0065E83D /* InvoiceImagesVC.h */ = {isa = PBXFileReference; fileEncoding = 4; lastKnownFileType = sourcecode.c.h; path = InvoiceImagesVC.h; sourceTree = "<group>"; };
		84FA9485199383DA0065E83D /* InvoiceImagesVC.m */ = {isa = PBXFileReference; fileEncoding = 4; lastKnownFileType = sourcecode.c.objc; path = InvoiceImagesVC.m; sourceTree = "<group>"; };
		84FA9486199383DA0065E83D /* InvoiceImagesVC.xib */ = {isa = PBXFileReference; fileEncoding = 4; lastKnownFileType = file.xib; path = InvoiceImagesVC.xib; sourceTree = "<group>"; };
/* End PBXFileReference section */

/* Begin PBXFrameworksBuildPhase section */
		8473D1FA198B3D4E004E912A /* Frameworks */ = {
			isa = PBXFrameworksBuildPhase;
			buildActionMask = 2147483647;
			files = (
				8473D203198B3D4E004E912A /* CoreGraphics.framework in Frameworks */,
				8473D207198B3D4E004E912A /* CoreData.framework in Frameworks */,
				8473D205198B3D4E004E912A /* UIKit.framework in Frameworks */,
				8473D201198B3D4E004E912A /* Foundation.framework in Frameworks */,
			);
			runOnlyForDeploymentPostprocessing = 0;
		};
		8473D21A198B3D4E004E912A /* Frameworks */ = {
			isa = PBXFrameworksBuildPhase;
			buildActionMask = 2147483647;
			files = (
				8473D21F198B3D4F004E912A /* XCTest.framework in Frameworks */,
				8473D222198B3D4F004E912A /* CoreData.framework in Frameworks */,
				8473D221198B3D4F004E912A /* UIKit.framework in Frameworks */,
				8473D220198B3D4F004E912A /* Foundation.framework in Frameworks */,
			);
			runOnlyForDeploymentPostprocessing = 0;
		};
/* End PBXFrameworksBuildPhase section */

/* Begin PBXGroup section */
		841D6306198F57B90088651F /* Utilities */ = {
			isa = PBXGroup;
			children = (
				84265E5B1994A8DF00C64C16 /* ABBYYOcr */,
				841D630A198F5A800088651F /* Constants.h */,
				84665D7B19921742000196B6 /* Utilities.h */,
				84665D7C19921742000196B6 /* Utilities.m */,
				84265E6B1994AE4F00C64C16 /* OCRManager.h */,
				84265E6C1994AE4F00C64C16 /* OCRManager.m */,
			);
			name = Utilities;
			sourceTree = "<group>";
		};
		841D6307198F57C10088651F /* MenuClasses */ = {
			isa = PBXGroup;
			children = (
				8473D257198B3D9B004E912A /* Left&RightMenu */,
				8473D236198B3D96004E912A /* AMSlideMenu */,
			);
			name = MenuClasses;
			sourceTree = "<group>";
		};
		841D6318198F6D780088651F /* CustomCell */ = {
			isa = PBXGroup;
			children = (
				841D6319198F6DA30088651F /* NoteTVC.h */,
				841D631A198F6DA30088651F /* NoteTVC.m */,
				841D631B198F6DA30088651F /* NoteTVC.xib */,
				84665D6F1991E4C4000196B6 /* ThumbCell.h */,
				84665D701991E4C4000196B6 /* ThumbCell.m */,
				84665D7219920D80000196B6 /* BookCell.h */,
				84665D7319920D80000196B6 /* BookCell.m */,
				84665D7419920D80000196B6 /* BookCell.xib */,
			);
			name = CustomCell;
			sourceTree = "<group>";
		};
		841D6325198F84310088651F /* ViewControllers */ = {
			isa = PBXGroup;
			children = (
				841D6313198F65980088651F /* NotesVC.h */,
				841D6314198F65980088651F /* NotesVC.m */,
				84FA947E19937C940065E83D /* BookPage */,
				84FA947D19937C850065E83D /* InvoicePage */,
				8473D25A198B3DD5004E912A /* MainVC.h */,
				8473D25B198B3DD5004E912A /* MainVC.m */,
			);
			name = ViewControllers;
			sourceTree = "<group>";
		};
		84265E5B1994A8DF00C64C16 /* ABBYYOcr */ = {
			isa = PBXGroup;
			children = (
				84265E751994B12200C64C16 /* NSData+Base64.h */,
				84265E761994B12200C64C16 /* NSData+Base64.m */,
				84265E771994B12200C64C16 /* NSString+Base64.h */,
				84265E781994B12200C64C16 /* NSString+Base64.m */,
				84265E6E1994B0AE00C64C16 /* Task.h */,
				84265E6F1994B0AE00C64C16 /* Task.m */,
				84265E5C1994A90200C64C16 /* ActivationInfo.h */,
				84265E5D1994A90200C64C16 /* ActivationInfo.m */,
				84265E5E1994A90200C64C16 /* Client.h */,
				84265E5F1994A90200C64C16 /* Client.m */,
				84265E601994A90200C64C16 /* HTTPOperation.h */,
				84265E611994A90200C64C16 /* HTTPOperation.m */,
				84265E621994A90200C64C16 /* ProcessingOperation.h */,
				84265E631994A90200C64C16 /* ProcessingOperation.m */,
				84265E641994A90200C64C16 /* ProcessingParams.h */,
				84265E651994A90200C64C16 /* ProcessingParams.m */,
			);
			name = ABBYYOcr;
			sourceTree = "<group>";
		};
		84388E701990C789009BEE64 /* infoPlists */ = {
			isa = PBXGroup;
			children = (
			);
			name = infoPlists;
			sourceTree = "<group>";
		};
		84665D4F1990D9E2000196B6 /* FontFile */ = {
			isa = PBXGroup;
			children = (
				84665D5E1990DA10000196B6 /* ADAM.CG PRO.otf */,
				84665D5F1990DA10000196B6 /* DINNextLTPro-Bold.otf */,
				84665D601990DA10000196B6 /* DINNextLTPro-Light.otf */,
				84665D611990DA10000196B6 /* DINNextLTPro-Medium.otf */,
				84665D621990DA10000196B6 /* Lato-Bol.ttf */,
				84665D631990DA10000196B6 /* Lato-BolIta.ttf */,
				84665D641990DA10000196B6 /* Lato-Reg.ttf */,
			);
			name = FontFile;
			sourceTree = "<group>";
		};
		84665D77199214B1000196B6 /* Manager */ = {
			isa = PBXGroup;
			children = (
				841E3170199B5AFE009C9974 /* SortrDataManager.h */,
				841E3171199B5AFE009C9974 /* SortrDataManager.m */,
			);
			name = Manager;
			sourceTree = "<group>";
		};
		8473D1F4198B3D4E004E912A = {
			isa = PBXGroup;
			children = (
				8473D208198B3D4E004E912A /* Sortr */,
				8473D225198B3D4F004E912A /* SortrTests */,
				8473D1FF198B3D4E004E912A /* Frameworks */,
				8473D1FE198B3D4E004E912A /* Products */,
			);
			sourceTree = "<group>";
		};
		8473D1FE198B3D4E004E912A /* Products */ = {
			isa = PBXGroup;
			children = (
				8473D1FD198B3D4E004E912A /* Sortr.app */,
				8473D21D198B3D4E004E912A /* SortrTests.xctest */,
			);
			name = Products;
			sourceTree = "<group>";
		};
		8473D1FF198B3D4E004E912A /* Frameworks */ = {
			isa = PBXGroup;
			children = (
				8473D200198B3D4E004E912A /* Foundation.framework */,
				8473D202198B3D4E004E912A /* CoreGraphics.framework */,
				8473D204198B3D4E004E912A /* UIKit.framework */,
				8473D206198B3D4E004E912A /* CoreData.framework */,
				8473D21E198B3D4E004E912A /* XCTest.framework */,
			);
			name = Frameworks;
			sourceTree = "<group>";
		};
		8473D208198B3D4E004E912A /* Sortr */ = {
			isa = PBXGroup;
			children = (
				84665D77199214B1000196B6 /* Manager */,
				84B8226E1990D07900315F58 /* CustomFonts */,
				841D6325198F84310088651F /* ViewControllers */,
				841D6318198F6D780088651F /* CustomCell */,
				841D6307198F57C10088651F /* MenuClasses */,
				841D6306198F57B90088651F /* Utilities */,
				8473D235198B3D96004E912A /* Resources */,
				8473D211198B3D4E004E912A /* SortrAppDelegate.h */,
				8473D212198B3D4E004E912A /* SortrAppDelegate.m */,
				8473D217198B3D4E004E912A /* Images.xcassets */,
				8473D214198B3D4E004E912A /* Sortr.xcdatamodeld */,
				8473D209198B3D4E004E912A /* Supporting Files */,
			);
			path = Sortr;
			sourceTree = "<group>";
		};
		8473D209198B3D4E004E912A /* Supporting Files */ = {
			isa = PBXGroup;
			children = (
				84388E701990C789009BEE64 /* infoPlists */,
				8473D20A198B3D4E004E912A /* Sortr-Info.plist */,
				8473D20B198B3D4E004E912A /* InfoPlist.strings */,
				84FA947619935A980065E83D /* image_sample.jpg */,
				8473D20E198B3D4E004E912A /* main.m */,
				8473D210198B3D4E004E912A /* Sortr-Prefix.pch */,
				841D6320198F7BD80088651F /* noteLists.json */,
			);
			name = "Supporting Files";
			sourceTree = "<group>";
		};
		8473D225198B3D4F004E912A /* SortrTests */ = {
			isa = PBXGroup;
			children = (
				8473D22B198B3D4F004E912A /* SortrTests.m */,
				8473D226198B3D4F004E912A /* Supporting Files */,
			);
			path = SortrTests;
			sourceTree = "<group>";
		};
		8473D226198B3D4F004E912A /* Supporting Files */ = {
			isa = PBXGroup;
			children = (
				8473D227198B3D4F004E912A /* SortrTests-Info.plist */,
				8473D228198B3D4F004E912A /* InfoPlist.strings */,
			);
			name = "Supporting Files";
			sourceTree = "<group>";
		};
		8473D235198B3D96004E912A /* Resources */ = {
			isa = PBXGroup;
			children = (
				8473D260198B3EAF004E912A /* FiveVC.h */,
				8473D261198B3EAF004E912A /* FiveVC.m */,
				8473D262198B3EAF004E912A /* FiveVC.xib */,
				8473D263198B3EAF004E912A /* ForthVC.h */,
				8473D264198B3EAF004E912A /* ForthVC.m */,
				8473D265198B3EAF004E912A /* ForthVC.xib */,
				8473D266198B3EAF004E912A /* SecondVC.h */,
				8473D267198B3EAF004E912A /* SecondVC.m */,
				8473D268198B3EAF004E912A /* SecondVC.xib */,
				8473D269198B3EAF004E912A /* ThirdVC.h */,
				8473D26A198B3EAF004E912A /* ThirdVC.m */,
				8473D26B198B3EAF004E912A /* ThirdVC.xib */,
				841D6322198F7E9C0088651F /* NoteItem.h */,
				841D6323198F7E9C0088651F /* NoteItem.m */,
			);
			path = Resources;
			sourceTree = "<group>";
		};
		8473D236198B3D96004E912A /* AMSlideMenu */ = {
			isa = PBXGroup;
			children = (
				8473D237198B3D96004E912A /* AMSlideMenuContentSegue.h */,
				8473D238198B3D96004E912A /* AMSlideMenuContentSegue.m */,
				8473D239198B3D96004E912A /* AMSlideMenuLeftMenuSegue.h */,
				8473D23A198B3D96004E912A /* AMSlideMenuLeftMenuSegue.m */,
				8473D23B198B3D96004E912A /* AMSlideMenuLeftTableViewController.h */,
				8473D23C198B3D97004E912A /* AMSlideMenuLeftTableViewController.m */,
				8473D23D198B3D97004E912A /* AMSlideMenuMainViewController.h */,
				8473D23E198B3D97004E912A /* AMSlideMenuMainViewController.m */,
				8473D23F198B3D97004E912A /* AMSlideMenuProtocols.h */,
				8473D240198B3D97004E912A /* AMSlideMenuRightMenuSegue.h */,
				8473D241198B3D97004E912A /* AMSlideMenuRightMenuSegue.m */,
				8473D242198B3D97004E912A /* AMSlideMenuRightTableViewController.h */,
				8473D243198B3D97004E912A /* AMSlideMenuRightTableViewController.m */,
				8473D244198B3D97004E912A /* UIViewController+AMSlideMenu.h */,
				8473D245198B3D97004E912A /* UIViewController+AMSlideMenu.m */,
			);
			name = AMSlideMenu;
			path = Resources/AMSlideMenu;
			sourceTree = "<group>";
		};
		8473D257198B3D9B004E912A /* Left&RightMenu */ = {
			isa = PBXGroup;
			children = (
				8473D259198B3DAC004E912A /* Right */,
				8473D258198B3DA4004E912A /* Left */,
			);
			name = "Left&RightMenu";
			path = Resources;
			sourceTree = "<group>";
		};
		8473D258198B3DA4004E912A /* Left */ = {
			isa = PBXGroup;
			children = (
				8473D246198B3D97004E912A /* LeftMenuTVC.h */,
				8473D247198B3D97004E912A /* LeftMenuTVC.m */,
				8473D248198B3D97004E912A /* LeftMenuTVC.xib */,
			);
			name = Left;
			sourceTree = "<group>";
		};
		8473D259198B3DAC004E912A /* Right */ = {
			isa = PBXGroup;
			children = (
				8473D249198B3D97004E912A /* RightMenuTVC.h */,
				8473D24A198B3D97004E912A /* RightMenuTVC.m */,
				8473D24B198B3D97004E912A /* RightMenuTVC.xib */,
			);
			name = Right;
			sourceTree = "<group>";
		};
		84B8226E1990D07900315F58 /* CustomFonts */ = {
			isa = PBXGroup;
			children = (
				84665D4F1990D9E2000196B6 /* FontFile */,
				84B822721990D4B000315F58 /* LatoBold.h */,
				84B822731990D4B000315F58 /* LatoBold.m */,
				84B822751990D56D00315F58 /* DinNext.h */,
				84B822761990D56D00315F58 /* DinNext.m */,
			);
			name = CustomFonts;
			sourceTree = "<group>";
		};
		84FA947D19937C850065E83D /* InvoicePage */ = {
			isa = PBXGroup;
			children = (
				84FA9478199367110065E83D /* InvoiceVC.h */,
				84FA9479199367110065E83D /* InvoiceVC.m */,
				84FA947A199367110065E83D /* InvoiceVC.xib */,
				84FA947F19937CCE0065E83D /* ClientListVC.h */,
				84FA948019937CCE0065E83D /* ClientListVC.m */,
				84FA948119937CCE0065E83D /* ClientListVC.xib */,
				84FA9484199383DA0065E83D /* InvoiceImagesVC.h */,
				84FA9485199383DA0065E83D /* InvoiceImagesVC.m */,
				84FA9486199383DA0065E83D /* InvoiceImagesVC.xib */,
				84265E7B1994BBD000C64C16 /* DownloadTabVC.h */,
				84265E7C1994BBD000C64C16 /* DownloadTabVC.m */,
				84265E7D1994BBD000C64C16 /* DownloadTabVC.xib */,
				84265E801994C01400C64C16 /* ExportSettingsVC.h */,
				84265E811994C01400C64C16 /* ExportSettingsVC.m */,
				84265E821994C01400C64C16 /* ExportSettingsVC.xib */,
			);
			name = InvoicePage;
			sourceTree = "<group>";
		};
		84FA947E19937C940065E83D /* BookPage */ = {
			isa = PBXGroup;
			children = (
				841D6315198F65980088651F /* NotesVC.xib */,
				841D6326198F84590088651F /* BookVC.h */,
				841D6327198F84590088651F /* BookVC.m */,
				841D6328198F84590088651F /* BookVC.xib */,
				84FA93F5199352C40065E83D /* BookDetailVC.h */,
				84FA93F6199352C40065E83D /* BookDetailVC.m */,
				84FA93F7199352C40065E83D /* BookDetailVC.xib */,
			);
			name = BookPage;
			sourceTree = "<group>";
		};
/* End PBXGroup section */

/* Begin PBXNativeTarget section */
		8473D1FC198B3D4E004E912A /* Sortr */ = {
			isa = PBXNativeTarget;
			buildConfigurationList = 8473D22F198B3D4F004E912A /* Build configuration list for PBXNativeTarget "Sortr" */;
			buildPhases = (
				8473D1F9198B3D4E004E912A /* Sources */,
				8473D1FA198B3D4E004E912A /* Frameworks */,
				8473D1FB198B3D4E004E912A /* Resources */,
			);
			buildRules = (
			);
			dependencies = (
			);
			name = Sortr;
			productName = Sortr;
			productReference = 8473D1FD198B3D4E004E912A /* Sortr.app */;
			productType = "com.apple.product-type.application";
		};
		8473D21C198B3D4E004E912A /* SortrTests */ = {
			isa = PBXNativeTarget;
			buildConfigurationList = 8473D232198B3D4F004E912A /* Build configuration list for PBXNativeTarget "SortrTests" */;
			buildPhases = (
				8473D219198B3D4E004E912A /* Sources */,
				8473D21A198B3D4E004E912A /* Frameworks */,
				8473D21B198B3D4E004E912A /* Resources */,
			);
			buildRules = (
			);
			dependencies = (
				8473D224198B3D4F004E912A /* PBXTargetDependency */,
			);
			name = SortrTests;
			productName = SortrTests;
			productReference = 8473D21D198B3D4E004E912A /* SortrTests.xctest */;
			productType = "com.apple.product-type.bundle.unit-test";
		};
/* End PBXNativeTarget section */

/* Begin PBXProject section */
		8473D1F5198B3D4E004E912A /* Project object */ = {
			isa = PBXProject;
			attributes = {
				CLASSPREFIX = Sortr;
				LastUpgradeCheck = 0510;
				ORGANIZATIONNAME = TheCoapperative;
				TargetAttributes = {
					8473D21C198B3D4E004E912A = {
						TestTargetID = 8473D1FC198B3D4E004E912A;
					};
				};
			};
			buildConfigurationList = 8473D1F8198B3D4E004E912A /* Build configuration list for PBXProject "Sortr" */;
			compatibilityVersion = "Xcode 3.2";
			developmentRegion = English;
			hasScannedForEncodings = 0;
			knownRegions = (
				en,
			);
			mainGroup = 8473D1F4198B3D4E004E912A;
			productRefGroup = 8473D1FE198B3D4E004E912A /* Products */;
			projectDirPath = "";
			projectRoot = "";
			targets = (
				8473D1FC198B3D4E004E912A /* Sortr */,
				8473D21C198B3D4E004E912A /* SortrTests */,
			);
		};
/* End PBXProject section */

/* Begin PBXResourcesBuildPhase section */
		8473D1FB198B3D4E004E912A /* Resources */ = {
			isa = PBXResourcesBuildPhase;
			buildActionMask = 2147483647;
			files = (
				84265E7F1994BBD000C64C16 /* DownloadTabVC.xib in Resources */,
				841D6317198F65980088651F /* NotesVC.xib in Resources */,
				84FA93F9199352C40065E83D /* BookDetailVC.xib in Resources */,
				84265E841994C01400C64C16 /* ExportSettingsVC.xib in Resources */,
				8473D254198B3D97004E912A /* LeftMenuTVC.xib in Resources */,
				8473D256198B3D97004E912A /* RightMenuTVC.xib in Resources */,
				84FA948319937CCE0065E83D /* ClientListVC.xib in Resources */,
				84FA947C199367110065E83D /* InvoiceVC.xib in Resources */,
				841D631D198F6DA30088651F /* NoteTVC.xib in Resources */,
				84665D671990DA10000196B6 /* DINNextLTPro-Light.otf in Resources */,
				8473D273198B3EAF004E912A /* SecondVC.xib in Resources */,
				8473D271198B3EAF004E912A /* ForthVC.xib in Resources */,
				84665D681990DA10000196B6 /* DINNextLTPro-Medium.otf in Resources */,
				84FA9488199383DA0065E83D /* InvoiceImagesVC.xib in Resources */,
				8473D275198B3EAF004E912A /* ThirdVC.xib in Resources */,
				8473D20D198B3D4E004E912A /* InfoPlist.strings in Resources */,
				8473D218198B3D4E004E912A /* Images.xcassets in Resources */,
				84665D691990DA10000196B6 /* Lato-Bol.ttf in Resources */,
				8473D26F198B3EAF004E912A /* FiveVC.xib in Resources */,
				84665D6A1990DA10000196B6 /* Lato-BolIta.ttf in Resources */,
				84665D651990DA10000196B6 /* ADAM.CG PRO.otf in Resources */,
				84665D661990DA10000196B6 /* DINNextLTPro-Bold.otf in Resources */,
				84FA947719935A980065E83D /* image_sample.jpg in Resources */,
				84665D7619920D80000196B6 /* BookCell.xib in Resources */,
				841D6321198F7BD80088651F /* noteLists.json in Resources */,
				84665D6B1990DA10000196B6 /* Lato-Reg.ttf in Resources */,
				841D632A198F84590088651F /* BookVC.xib in Resources */,
			);
			runOnlyForDeploymentPostprocessing = 0;
		};
		8473D21B198B3D4E004E912A /* Resources */ = {
			isa = PBXResourcesBuildPhase;
			buildActionMask = 2147483647;
			files = (
				8473D22A198B3D4F004E912A /* InfoPlist.strings in Resources */,
			);
			runOnlyForDeploymentPostprocessing = 0;
		};
/* End PBXResourcesBuildPhase section */

/* Begin PBXSourcesBuildPhase section */
		8473D1F9198B3D4E004E912A /* Sources */ = {
			isa = PBXSourcesBuildPhase;
			buildActionMask = 2147483647;
			files = (
				84265E6D1994AE4F00C64C16 /* OCRManager.m in Sources */,
				841D6329198F84590088651F /* BookVC.m in Sources */,
				84FA93F8199352C40065E83D /* BookDetailVC.m in Sources */,
				8473D270198B3EAF004E912A /* ForthVC.m in Sources */,
				841E3172199B5AFE009C9974 /* SortrDataManager.m in Sources */,
				84265E7A1994B12200C64C16 /* NSString+Base64.m in Sources */,
				8473D25C198B3DD5004E912A /* MainVC.m in Sources */,
				841D631C198F6DA30088651F /* NoteTVC.m in Sources */,
				8473D24D198B3D97004E912A /* AMSlideMenuLeftMenuSegue.m in Sources */,
				84FA9487199383DA0065E83D /* InvoiceImagesVC.m in Sources */,
				84FA947B199367110065E83D /* InvoiceVC.m in Sources */,
				84265E661994A90200C64C16 /* ActivationInfo.m in Sources */,
				84265E791994B12200C64C16 /* NSData+Base64.m in Sources */,
				84265E831994C01400C64C16 /* ExportSettingsVC.m in Sources */,
				8473D26E198B3EAF004E912A /* FiveVC.m in Sources */,
				8473D251198B3D97004E912A /* AMSlideMenuRightTableViewController.m in Sources */,
				8473D274198B3EAF004E912A /* ThirdVC.m in Sources */,
				8473D24C198B3D97004E912A /* AMSlideMenuContentSegue.m in Sources */,
				84B822771990D56D00315F58 /* DinNext.m in Sources */,
				84265E691994A90200C64C16 /* ProcessingOperation.m in Sources */,
				841D6316198F65980088651F /* NotesVC.m in Sources */,
				8473D252198B3D97004E912A /* UIViewController+AMSlideMenu.m in Sources */,
				841D6324198F7E9C0088651F /* NoteItem.m in Sources */,
				84265E701994B0AE00C64C16 /* Task.m in Sources */,
				8473D20F198B3D4E004E912A /* main.m in Sources */,
				84665D711991E4C4000196B6 /* ThumbCell.m in Sources */,
				84265E671994A90200C64C16 /* Client.m in Sources */,
				8473D255198B3D97004E912A /* RightMenuTVC.m in Sources */,
				84265E7E1994BBD000C64C16 /* DownloadTabVC.m in Sources */,
				84B822741990D4B000315F58 /* LatoBold.m in Sources */,
				8473D24E198B3D97004E912A /* AMSlideMenuLeftTableViewController.m in Sources */,
				84665D7519920D80000196B6 /* BookCell.m in Sources */,
				84265E6A1994A90200C64C16 /* ProcessingParams.m in Sources */,
				8473D216198B3D4E004E912A /* Sortr.xcdatamodeld in Sources */,
				8473D24F198B3D97004E912A /* AMSlideMenuMainViewController.m in Sources */,
				8473D250198B3D97004E912A /* AMSlideMenuRightMenuSegue.m in Sources */,
				8473D213198B3D4E004E912A /* SortrAppDelegate.m in Sources */,
				8473D253198B3D97004E912A /* LeftMenuTVC.m in Sources */,
				84665D7D19921742000196B6 /* Utilities.m in Sources */,
				8473D272198B3EAF004E912A /* SecondVC.m in Sources */,
				84FA948219937CCE0065E83D /* ClientListVC.m in Sources */,
				84265E681994A90200C64C16 /* HTTPOperation.m in Sources */,
			);
			runOnlyForDeploymentPostprocessing = 0;
		};
		8473D219198B3D4E004E912A /* Sources */ = {
			isa = PBXSourcesBuildPhase;
			buildActionMask = 2147483647;
			files = (
				8473D22C198B3D4F004E912A /* SortrTests.m in Sources */,
			);
			runOnlyForDeploymentPostprocessing = 0;
		};
/* End PBXSourcesBuildPhase section */

/* Begin PBXTargetDependency section */
		8473D224198B3D4F004E912A /* PBXTargetDependency */ = {
			isa = PBXTargetDependency;
			target = 8473D1FC198B3D4E004E912A /* Sortr */;
			targetProxy = 8473D223198B3D4F004E912A /* PBXContainerItemProxy */;
		};
/* End PBXTargetDependency section */

/* Begin PBXVariantGroup section */
		8473D20B198B3D4E004E912A /* InfoPlist.strings */ = {
			isa = PBXVariantGroup;
			children = (
				8473D20C198B3D4E004E912A /* en */,
			);
			name = InfoPlist.strings;
			sourceTree = "<group>";
		};
		8473D228198B3D4F004E912A /* InfoPlist.strings */ = {
			isa = PBXVariantGroup;
			children = (
				8473D229198B3D4F004E912A /* en */,
			);
			name = InfoPlist.strings;
			sourceTree = "<group>";
		};
/* End PBXVariantGroup section */

/* Begin XCBuildConfiguration section */
		8473D22D198B3D4F004E912A /* Debug */ = {
			isa = XCBuildConfiguration;
			buildSettings = {
				ALWAYS_SEARCH_USER_PATHS = NO;
				CLANG_CXX_LANGUAGE_STANDARD = "gnu++0x";
				CLANG_CXX_LIBRARY = "libc++";
				CLANG_ENABLE_MODULES = YES;
				CLANG_ENABLE_OBJC_ARC = YES;
				CLANG_WARN_BOOL_CONVERSION = YES;
				CLANG_WARN_CONSTANT_CONVERSION = YES;
				CLANG_WARN_DIRECT_OBJC_ISA_USAGE = YES_ERROR;
				CLANG_WARN_EMPTY_BODY = YES;
				CLANG_WARN_ENUM_CONVERSION = YES;
				CLANG_WARN_INT_CONVERSION = YES;
				CLANG_WARN_OBJC_ROOT_CLASS = YES_ERROR;
				CLANG_WARN__DUPLICATE_METHOD_MATCH = YES;
				"CODE_SIGN_IDENTITY[sdk=iphoneos*]" = "iPhone Developer";
				COPY_PHASE_STRIP = NO;
				GCC_C_LANGUAGE_STANDARD = gnu99;
				GCC_DYNAMIC_NO_PIC = NO;
				GCC_OPTIMIZATION_LEVEL = 0;
				GCC_PREPROCESSOR_DEFINITIONS = (
					"DEBUG=1",
					"$(inherited)",
				);
				GCC_SYMBOLS_PRIVATE_EXTERN = NO;
				GCC_WARN_64_TO_32_BIT_CONVERSION = YES;
				GCC_WARN_ABOUT_RETURN_TYPE = YES_ERROR;
				GCC_WARN_UNDECLARED_SELECTOR = YES;
				GCC_WARN_UNINITIALIZED_AUTOS = YES_AGGRESSIVE;
				GCC_WARN_UNUSED_FUNCTION = YES;
				GCC_WARN_UNUSED_VARIABLE = YES;
				IPHONEOS_DEPLOYMENT_TARGET = 7.1;
				ONLY_ACTIVE_ARCH = YES;
				SDKROOT = iphoneos;
				TARGETED_DEVICE_FAMILY = "1,2";
			};
			name = Debug;
		};
		8473D22E198B3D4F004E912A /* Release */ = {
			isa = XCBuildConfiguration;
			buildSettings = {
				ALWAYS_SEARCH_USER_PATHS = NO;
				CLANG_CXX_LANGUAGE_STANDARD = "gnu++0x";
				CLANG_CXX_LIBRARY = "libc++";
				CLANG_ENABLE_MODULES = YES;
				CLANG_ENABLE_OBJC_ARC = YES;
				CLANG_WARN_BOOL_CONVERSION = YES;
				CLANG_WARN_CONSTANT_CONVERSION = YES;
				CLANG_WARN_DIRECT_OBJC_ISA_USAGE = YES_ERROR;
				CLANG_WARN_EMPTY_BODY = YES;
				CLANG_WARN_ENUM_CONVERSION = YES;
				CLANG_WARN_INT_CONVERSION = YES;
				CLANG_WARN_OBJC_ROOT_CLASS = YES_ERROR;
				CLANG_WARN__DUPLICATE_METHOD_MATCH = YES;
				"CODE_SIGN_IDENTITY[sdk=iphoneos*]" = "iPhone Developer";
				COPY_PHASE_STRIP = YES;
				ENABLE_NS_ASSERTIONS = NO;
				GCC_C_LANGUAGE_STANDARD = gnu99;
				GCC_WARN_64_TO_32_BIT_CONVERSION = YES;
				GCC_WARN_ABOUT_RETURN_TYPE = YES_ERROR;
				GCC_WARN_UNDECLARED_SELECTOR = YES;
				GCC_WARN_UNINITIALIZED_AUTOS = YES_AGGRESSIVE;
				GCC_WARN_UNUSED_FUNCTION = YES;
				GCC_WARN_UNUSED_VARIABLE = YES;
				IPHONEOS_DEPLOYMENT_TARGET = 7.1;
				SDKROOT = iphoneos;
				TARGETED_DEVICE_FAMILY = "1,2";
				VALIDATE_PRODUCT = YES;
			};
			name = Release;
		};
		8473D230198B3D4F004E912A /* Debug */ = {
			isa = XCBuildConfiguration;
			buildSettings = {
				ARCHS = armv7;
				ASSETCATALOG_COMPILER_APPICON_NAME = AppIcon;
				ASSETCATALOG_COMPILER_LAUNCHIMAGE_NAME = LaunchImage;
				CLANG_CXX_LIBRARY = "libstdc++";
				GCC_PRECOMPILE_PREFIX_HEADER = YES;
				GCC_PREFIX_HEADER = "Sortr/Sortr-Prefix.pch";
				INFOPLIST_FILE = "Sortr/Sortr-Info.plist";
				LIBRARY_SEARCH_PATHS = (
					"$(inherited)",
					"$(PROJECT_DIR)/Sortr/tesseract-ios-lib/lib",
				);
				PRODUCT_NAME = "$(TARGET_NAME)";
				TARGETED_DEVICE_FAMILY = 1;
				VALID_ARCHS = armv7;
				WRAPPER_EXTENSION = app;
			};
			name = Debug;
		};
		8473D231198B3D4F004E912A /* Release */ = {
			isa = XCBuildConfiguration;
			buildSettings = {
				ARCHS = armv7;
				ASSETCATALOG_COMPILER_APPICON_NAME = AppIcon;
				ASSETCATALOG_COMPILER_LAUNCHIMAGE_NAME = LaunchImage;
				CLANG_CXX_LIBRARY = "libstdc++";
				GCC_PRECOMPILE_PREFIX_HEADER = YES;
				GCC_PREFIX_HEADER = "Sortr/Sortr-Prefix.pch";
				INFOPLIST_FILE = "Sortr/Sortr-Info.plist";
				LIBRARY_SEARCH_PATHS = (
					"$(inherited)",
					"$(PROJECT_DIR)/Sortr/tesseract-ios-lib/lib",
				);
				PRODUCT_NAME = "$(TARGET_NAME)";
				TARGETED_DEVICE_FAMILY = 1;
				VALID_ARCHS = armv7;
				WRAPPER_EXTENSION = app;
			};
			name = Release;
		};
		8473D233198B3D4F004E912A /* Debug */ = {
			isa = XCBuildConfiguration;
			buildSettings = {
				BUNDLE_LOADER = "$(BUILT_PRODUCTS_DIR)/Sortr.app/Sortr";
				FRAMEWORK_SEARCH_PATHS = (
					"$(SDKROOT)/Developer/Library/Frameworks",
					"$(inherited)",
					"$(DEVELOPER_FRAMEWORKS_DIR)",
				);
				GCC_PRECOMPILE_PREFIX_HEADER = YES;
				GCC_PREFIX_HEADER = "Sortr/Sortr-Prefix.pch";
				GCC_PREPROCESSOR_DEFINITIONS = (
					"DEBUG=1",
					"$(inherited)",
				);
				INFOPLIST_FILE = "SortrTests/SortrTests-Info.plist";
				PRODUCT_NAME = "$(TARGET_NAME)";
				TEST_HOST = "$(BUNDLE_LOADER)";
				WRAPPER_EXTENSION = xctest;
			};
			name = Debug;
		};
		8473D234198B3D4F004E912A /* Release */ = {
			isa = XCBuildConfiguration;
			buildSettings = {
				BUNDLE_LOADER = "$(BUILT_PRODUCTS_DIR)/Sortr.app/Sortr";
				FRAMEWORK_SEARCH_PATHS = (
					"$(SDKROOT)/Developer/Library/Frameworks",
					"$(inherited)",
					"$(DEVELOPER_FRAMEWORKS_DIR)",
				);
				GCC_PRECOMPILE_PREFIX_HEADER = YES;
				GCC_PREFIX_HEADER = "Sortr/Sortr-Prefix.pch";
				INFOPLIST_FILE = "SortrTests/SortrTests-Info.plist";
				PRODUCT_NAME = "$(TARGET_NAME)";
				TEST_HOST = "$(BUNDLE_LOADER)";
				WRAPPER_EXTENSION = xctest;
			};
			name = Release;
		};
/* End XCBuildConfiguration section */

/* Begin XCConfigurationList section */
		8473D1F8198B3D4E004E912A /* Build configuration list for PBXProject "Sortr" */ = {
			isa = XCConfigurationList;
			buildConfigurations = (
				8473D22D198B3D4F004E912A /* Debug */,
				8473D22E198B3D4F004E912A /* Release */,
			);
			defaultConfigurationIsVisible = 0;
			defaultConfigurationName = Release;
		};
		8473D22F198B3D4F004E912A /* Build configuration list for PBXNativeTarget "Sortr" */ = {
			isa = XCConfigurationList;
			buildConfigurations = (
				8473D230198B3D4F004E912A /* Debug */,
				8473D231198B3D4F004E912A /* Release */,
			);
			defaultConfigurationIsVisible = 0;
			defaultConfigurationName = Release;
		};
		8473D232198B3D4F004E912A /* Build configuration list for PBXNativeTarget "SortrTests" */ = {
			isa = XCConfigurationList;
			buildConfigurations = (
				8473D233198B3D4F004E912A /* Debug */,
				8473D234198B3D4F004E912A /* Release */,
			);
			defaultConfigurationIsVisible = 0;
			defaultConfigurationName = Release;
		};
/* End XCConfigurationList section */

/* Begin XCVersionGroup section */
		8473D214198B3D4E004E912A /* Sortr.xcdatamodeld */ = {
			isa = XCVersionGroup;
			children = (
				8473D215198B3D4E004E912A /* Sortr.xcdatamodel */,
			);
			currentVersion = 8473D215198B3D4E004E912A /* Sortr.xcdatamodel */;
			path = Sortr.xcdatamodeld;
			sourceTree = "<group>";
			versionGroupType = wrapper.xcdatamodel;
		};
/* End XCVersionGroup section */
	};
	rootObject = 8473D1F5198B3D4E004E912A /* Project object */;
}
